
Microsoft Visual Studio Solution File, Format Version 12.00
# Visual Studio Version 17
VisualStudioVersion = 17.0.31903.59
MinimumVisualStudioVersion = 10.0.40219.1
Project("{2150E333-8FDC-42A3-9474-1A3956D46DE8}") = "tests", "tests", "{0AB3BF05-4346-4AA6-1389-037BE0695223}"
EndProject
Project("{FAE04EC0-301F-11D3-BF4B-00C04F79EFBC}") = "AuthService.UnitTests", "tests\AuthService.UnitTests\AuthService.UnitTests.csproj", "{A0BE35EA-EB7A-4DEB-B638-878563062738}"
EndProject
Project("{2150E333-8FDC-42A3-9474-1A3956D46DE8}") = "src", "src", "{827E0CD3-B72D-47B6-A68D-7590B98EB39B}"
EndProject
Project("{FAE04EC0-301F-11D3-BF4B-00C04F79EFBC}") = "AuthService.Api", "src\AuthService.Api\AuthService.Api.csproj", "{40751237-22D3-462E-828A-D180A9060A8D}"
EndProject
Project("{FAE04EC0-301F-11D3-BF4B-00C04F79EFBC}") = "AuthService.Domain", "src\AuthService.Domain\AuthService.Domain.csproj", "{A90FAFDD-52B0-4EF8-A284-F657DC2A62DC}"
EndProject
Project("{FAE04EC0-301F-11D3-BF4B-00C04F79EFBC}") = "AuthService.Infrastructure", "src\AuthService.Infrastructure\AuthService.Infrastructure.csproj", "{0533D148-F7A5-4FB6-A0C0-C3819B2B45FF}"
EndProject
Project("{FAE04EC0-301F-11D3-BF4B-00C04F79EFBC}") = "AuthService.Application", "src\AuthService.Application\AuthService.Application.csproj", "{6D265921-DD70-49F1-9C3B-A2180245627D}"
EndProject
Global
	GlobalSection(SolutionConfigurationPlatforms) = preSolution
		Debug|Any CPU = Debug|Any CPU
		Debug|x64 = Debug|x64
		Debug|x86 = Debug|x86
		Release|Any CPU = Release|Any CPU
		Release|x64 = Release|x64
		Release|x86 = Release|x86
	EndGlobalSection
	GlobalSection(ProjectConfigurationPlatforms) = postSolution
		{A0BE35EA-EB7A-4DEB-B638-878563062738}.Debug|Any CPU.ActiveCfg = Debug|Any CPU
		{A0BE35EA-EB7A-4DEB-B638-878563062738}.Debug|Any CPU.Build.0 = Debug|Any CPU
		{A0BE35EA-EB7A-4DEB-B638-878563062738}.Debug|x64.ActiveCfg = Debug|Any CPU
		{A0BE35EA-EB7A-4DEB-B638-878563062738}.Debug|x64.Build.0 = Debug|Any CPU
		{A0BE35EA-EB7A-4DEB-B638-878563062738}.Debug|x86.ActiveCfg = Debug|Any CPU
		{A0BE35EA-EB7A-4DEB-B638-878563062738}.Debug|x86.Build.0 = Debug|Any CPU
		{A0BE35EA-EB7A-4DEB-B638-878563062738}.Release|Any CPU.ActiveCfg = Release|Any CPU
		{A0BE35EA-EB7A-4DEB-B638-878563062738}.Release|Any CPU.Build.0 = Release|Any CPU
		{A0BE35EA-EB7A-4DEB-B638-878563062738}.Release|x64.ActiveCfg = Release|Any CPU
		{A0BE35EA-EB7A-4DEB-B638-878563062738}.Release|x64.Build.0 = Release|Any CPU
		{A0BE35EA-EB7A-4DEB-B638-878563062738}.Release|x86.ActiveCfg = Release|Any CPU
		{A0BE35EA-EB7A-4DEB-B638-878563062738}.Release|x86.Build.0 = Release|Any CPU
		{40751237-22D3-462E-828A-D180A9060A8D}.Debug|Any CPU.ActiveCfg = Debug|Any CPU
		{40751237-22D3-462E-828A-D180A9060A8D}.Debug|Any CPU.Build.0 = Debug|Any CPU
		{40751237-22D3-462E-828A-D180A9060A8D}.Debug|x64.ActiveCfg = Debug|Any CPU
		{40751237-22D3-462E-828A-D180A9060A8D}.Debug|x64.Build.0 = Debug|Any CPU
		{40751237-22D3-462E-828A-D180A9060A8D}.Debug|x86.ActiveCfg = Debug|Any CPU
		{40751237-22D3-462E-828A-D180A9060A8D}.Debug|x86.Build.0 = Debug|Any CPU
		{40751237-22D3-462E-828A-D180A9060A8D}.Release|Any CPU.ActiveCfg = Release|Any CPU
		{40751237-22D3-462E-828A-D180A9060A8D}.Release|Any CPU.Build.0 = Release|Any CPU
		{40751237-22D3-462E-828A-D180A9060A8D}.Release|x64.ActiveCfg = Release|Any CPU
		{40751237-22D3-462E-828A-D180A9060A8D}.Release|x64.Build.0 = Release|Any CPU
		{40751237-22D3-462E-828A-D180A9060A8D}.Release|x86.ActiveCfg = Release|Any CPU
		{40751237-22D3-462E-828A-D180A9060A8D}.Release|x86.Build.0 = Release|Any CPU
		{A90FAFDD-52B0-4EF8-A284-F657DC2A62DC}.Debug|Any CPU.ActiveCfg = Debug|Any CPU
		{A90FAFDD-52B0-4EF8-A284-F657DC2A62DC}.Debug|Any CPU.Build.0 = Debug|Any CPU
		{A90FAFDD-52B0-4EF8-A284-F657DC2A62DC}.Debug|x64.ActiveCfg = Debug|Any CPU
		{A90FAFDD-52B0-4EF8-A284-F657DC2A62DC}.Debug|x64.Build.0 = Debug|Any CPU
		{A90FAFDD-52B0-4EF8-A284-F657DC2A62DC}.Debug|x86.ActiveCfg = Debug|Any CPU
		{A90FAFDD-52B0-4EF8-A284-F657DC2A62DC}.Debug|x86.Build.0 = Debug|Any CPU
		{A90FAFDD-52B0-4EF8-A284-F657DC2A62DC}.Release|Any CPU.ActiveCfg = Release|Any CPU
		{A90FAFDD-52B0-4EF8-A284-F657DC2A62DC}.Release|Any CPU.Build.0 = Release|Any CPU
		{A90FAFDD-52B0-4EF8-A284-F657DC2A62DC}.Release|x64.ActiveCfg = Release|Any CPU
		{A90FAFDD-52B0-4EF8-A284-F657DC2A62DC}.Release|x64.Build.0 = Release|Any CPU
		{A90FAFDD-52B0-4EF8-A284-F657DC2A62DC}.Release|x86.ActiveCfg = Release|Any CPU
		{A90FAFDD-52B0-4EF8-A284-F657DC2A62DC}.Release|x86.Build.0 = Release|Any CPU
		{0533D148-F7A5-4FB6-A0C0-C3819B2B45FF}.Debug|Any CPU.ActiveCfg = Debug|Any CPU
		{0533D148-F7A5-4FB6-A0C0-C3819B2B45FF}.Debug|Any CPU.Build.0 = Debug|Any CPU
		{0533D148-F7A5-4FB6-A0C0-C3819B2B45FF}.Debug|x64.ActiveCfg = Debug|Any CPU
		{0533D148-F7A5-4FB6-A0C0-C3819B2B45FF}.Debug|x64.Build.0 = Debug|Any CPU
		{0533D148-F7A5-4FB6-A0C0-C3819B2B45FF}.Debug|x86.ActiveCfg = Debug|Any CPU
		{0533D148-F7A5-4FB6-A0C0-C3819B2B45FF}.Debug|x86.Build.0 = Debug|Any CPU
		{0533D148-F7A5-4FB6-A0C0-C3819B2B45FF}.Release|Any CPU.ActiveCfg = Release|Any CPU
		{0533D148-F7A5-4FB6-A0C0-C3819B2B45FF}.Release|Any CPU.Build.0 = Release|Any CPU
		{0533D148-F7A5-4FB6-A0C0-C3819B2B45FF}.Release|x64.ActiveCfg = Release|Any CPU
		{0533D148-F7A5-4FB6-A0C0-C3819B2B45FF}.Release|x64.Build.0 = Release|Any CPU
		{0533D148-F7A5-4FB6-A0C0-C3819B2B45FF}.Release|x86.ActiveCfg = Release|Any CPU
		{0533D148-F7A5-4FB6-A0C0-C3819B2B45FF}.Release|x86.Build.0 = Release|Any CPU
		{6D265921-DD70-49F1-9C3B-A2180245627D}.Debug|Any CPU.ActiveCfg = Debug|Any CPU
		{6D265921-DD70-49F1-9C3B-A2180245627D}.Debug|Any CPU.Build.0 = Debug|Any CPU
		{6D265921-DD70-49F1-9C3B-A2180245627D}.Debug|x64.ActiveCfg = Debug|Any CPU
		{6D265921-DD70-49F1-9C3B-A2180245627D}.Debug|x64.Build.0 = Debug|Any CPU
		{6D265921-DD70-49F1-9C3B-A2180245627D}.Debug|x86.ActiveCfg = Debug|Any CPU
		{6D265921-DD70-49F1-9C3B-A2180245627D}.Debug|x86.Build.0 = Debug|Any CPU
		{6D265921-DD70-49F1-9C3B-A2180245627D}.Release|Any CPU.ActiveCfg = Release|Any CPU
		{6D265921-DD70-49F1-9C3B-A2180245627D}.Release|Any CPU.Build.0 = Release|Any CPU
		{6D265921-DD70-49F1-9C3B-A2180245627D}.Release|x64.ActiveCfg = Release|Any CPU
		{6D265921-DD70-49F1-9C3B-A2180245627D}.Release|x64.Build.0 = Release|Any CPU
		{6D265921-DD70-49F1-9C3B-A2180245627D}.Release|x86.ActiveCfg = Release|Any CPU
		{6D265921-DD70-49F1-9C3B-A2180245627D}.Release|x86.Build.0 = Release|Any CPU
	EndGlobalSection
	GlobalSection(SolutionProperties) = preSolution
		HideSolutionNode = FALSE
	EndGlobalSection
	GlobalSection(NestedProjects) = preSolution
		{A0BE35EA-EB7A-4DEB-B638-878563062738} = {0AB3BF05-4346-4AA6-1389-037BE0695223}
		{40751237-22D3-462E-828A-D180A9060A8D} = {827E0CD3-B72D-47B6-A68D-7590B98EB39B}
		{A90FAFDD-52B0-4EF8-A284-F657DC2A62DC} = {827E0CD3-B72D-47B6-A68D-7590B98EB39B}
		{0533D148-F7A5-4FB6-A0C0-C3819B2B45FF} = {827E0CD3-B72D-47B6-A68D-7590B98EB39B}
		{6D265921-DD70-49F1-9C3B-A2180245627D} = {827E0CD3-B72D-47B6-A68D-7590B98EB39B}
	EndGlobalSection
EndGlobal
